
Microsoft Visual Studio Solution File, Format Version 12.00
# Visual Studio Version 17
VisualStudioVersion = 17.8.34525.116
MinimumVisualStudioVersion = 10.0.40219.1
Project("{FAE04EC0-301F-11D3-BF4B-00C04F79EFBC}") = "The quintet", "The quintet\The quintet.csproj", "{10BEFABF-B619-4515-A557-3EFCA6414877}"
EndProject
Global
	GlobalSection(SolutionConfigurationPlatforms) = preSolution
		Debug|Any CPU = Debug|Any CPU
		Release|Any CPU = Release|Any CPU
	EndGlobalSection
	GlobalSection(ProjectConfigurationPlatforms) = postSolution
		{10BEFABF-B619-4515-A557-3EFCA6414877}.Debug|Any CPU.ActiveCfg = Debug|Any CPU
		{10BEFABF-B619-4515-A557-3EFCA6414877}.Debug|Any CPU.Build.0 = Debug|Any CPU
		{10BEFABF-B619-4515-A557-3EFCA6414877}.Release|Any CPU.ActiveCfg = Release|Any CPU
		{10BEFABF-B619-4515-A557-3EFCA6414877}.Release|Any CPU.Build.0 = Release|Any CPU
	EndGlobalSection
	GlobalSection(SolutionProperties) = preSolution
		HideSolutionNode = FALSE
	EndGlobalSection
	GlobalSection(ExtensibilityGlobals) = postSolution
		SolutionGuid = {F4924F01-867C-492B-92DD-C31916A064E0}
	EndGlobalSection
EndGlobal
